<?xml version="1.0" encoding="utf-8"?>
<Project ToolsVersion="4.0" xmlns="http://schemas.microsoft.com/developer/msbuild/2003">
  <ItemGroup>
    <Filter Include="Source Files">
      <UniqueIdentifier>{4FC737F1-C7A5-4376-A066-2A32D752A2FF}</UniqueIdentifier>
      <Extensions>cpp;c;cc;cxx;c++;cppm;ixx;def;odl;idl;hpj;bat;asm;asmx</Extensions>
    </Filter>
    <Filter Include="Header Files">
      <UniqueIdentifier>{93995380-89BD-4b04-88EB-625FBE52EBFB}</UniqueIdentifier>
      <Extensions>h;hh;hpp;hxx;h++;hm;inl;inc;ipp;xsd</Extensions>
    </Filter>
    <Filter Include="Resource Files">
      <UniqueIdentifier>{67DA6AB6-F800-4c08-8B7A-83BB121AAD01}</UniqueIdentifier>
      <Extensions>rc;ico;cur;bmp;dlg;rc2;rct;bin;rgs;gif;jpg;jpeg;jpe;resx;tiff;tif;png;wav;mfcribbon-ms</Extensions>
    </Filter>
  </ItemGroup>
  <ItemGroup>
    <ClCompile Include="src\Client\main.cpp">
      <Filter>Source Files</Filter>
    </ClCompile>
    <ClCompile Include="src\Engine\Plataforma\Window.cpp">
      <Filter>Source Files</Filter>
    </ClCompile>
    <ClCompile Include="src\Client\Game.cpp">
      <Filter>Source Files</Filter>
    </ClCompile>
    <ClCompile Include="ext\glad\glad.c">
      <Filter>Source Files</Filter>
    </ClCompile>
    <ClCompile Include="src\Engine\Renderizador\Renderizador.cpp">
      <Filter>Source Files</Filter>
    </ClCompile>
    <ClCompile Include="src\Engine\Renderizador\VertexBuffer.cpp">
      <Filter>Source Files</Filter>
    </ClCompile>
    <ClCompile Include="src\Engine\Renderizador\IndexBuffer.cpp">
      <Filter>Source Files</Filter>
    </ClCompile>
    <ClCompile Include="src\Engine\Renderizador\VertexArray.cpp">
      <Filter>Source Files</Filter>
    </ClCompile>
    <ClCompile Include="src\Engine\Utils\Archivo.cpp">
      <Filter>Source Files</Filter>
    </ClCompile>
    <ClCompile Include="src\Engine\Renderizador\Shader.cpp">
      <Filter>Source Files</Filter>
    </ClCompile>
    <ClCompile Include="src\Engine\Libs\stb_image\stb_image.cpp">
      <Filter>Source Files</Filter>
    </ClCompile>
    <ClCompile Include="src\Engine\Renderizador\Imagen.cpp">
      <Filter>Source Files</Filter>
    </ClCompile>
    <ClCompile Include="src\Engine\Renderizador\Textura.cpp">
      <Filter>Source Files</Filter>
    </ClCompile>
    <ClCompile Include="src\Client\ManejadorEventosJuego.cpp">
      <Filter>Source Files</Filter>
    </ClCompile>
    <ClCompile Include="src\Engine\Plataforma\Logger.cpp">
      <Filter>Source Files</Filter>
    </ClCompile>
    <ClCompile Include="src\Engine\Excepciones\Excepcion.cpp">
      <Filter>Source Files</Filter>
    </ClCompile>
    <ClCompile Include="src\Engine\Libs\imgui\imgui.cpp">
      <Filter>Source Files</Filter>
    </ClCompile>
    <ClCompile Include="src\Engine\Libs\imgui\imgui_demo.cpp">
      <Filter>Source Files</Filter>
    </ClCompile>
    <ClCompile Include="src\Engine\Libs\imgui\imgui_draw.cpp">
      <Filter>Source Files</Filter>
    </ClCompile>
    <ClCompile Include="src\Engine\Libs\imgui\imgui_impl_opengl3.cpp">
      <Filter>Source Files</Filter>
    </ClCompile>
    <ClCompile Include="src\Engine\Libs\imgui\imgui_impl_sdl.cpp">
      <Filter>Source Files</Filter>
    </ClCompile>
    <ClCompile Include="src\Engine\Libs\imgui\imgui_tables.cpp">
      <Filter>Source Files</Filter>
    </ClCompile>
    <ClCompile Include="src\Engine\Libs\imgui\imgui_widgets.cpp">
      <Filter>Source Files</Filter>
    </ClCompile>
    <ClCompile Include="src\Engine\Gui\Gui.cpp">
      <Filter>Source Files</Filter>
    </ClCompile>
    <ClCompile Include="src\Engine\Game\CamaraOrtografica.cpp">
      <Filter>Source Files</Filter>
    </ClCompile>
    <ClCompile Include="src\Engine\Plataforma\Input.cpp">
      <Filter>Source Files</Filter>
    </ClCompile>
    <ClCompile Include="src\Engine\Plataforma\AdministradorFPS.cpp">
      <Filter>Source Files</Filter>
    </ClCompile>
  </ItemGroup>
  <ItemGroup>
    <ClInclude Include="src\Engine\Plataforma\Window.hpp">
      <Filter>Header Files</Filter>
    </ClInclude>
    <ClInclude Include="src\Client\Game.hpp">
      <Filter>Header Files</Filter>
    </ClInclude>
    <ClInclude Include="src\Engine\Renderizador\Renderizador.hpp">
      <Filter>Header Files</Filter>
    </ClInclude>
    <ClInclude Include="src\Engine\Renderizador\VertexBuffer.hpp">
      <Filter>Header Files</Filter>
    </ClInclude>
    <ClInclude Include="src\Engine\Renderizador\IndexBuffer.hpp">
      <Filter>Header Files</Filter>
    </ClInclude>
    <ClInclude Include="src\Engine\Renderizador\VertexArray.hpp">
      <Filter>Header Files</Filter>
    </ClInclude>
    <ClInclude Include="src\Engine\Utils\Archivo.hpp">
      <Filter>Header Files</Filter>
    </ClInclude>
    <ClInclude Include="src\Engine\Renderizador\Shader.hpp">
      <Filter>Header Files</Filter>
    </ClInclude>
    <ClInclude Include="src\Engine\Libs\stb_image\stb_image.h">
      <Filter>Header Files</Filter>
    </ClInclude>
    <ClInclude Include="src\Engine\Renderizador\Imagen.hpp">
      <Filter>Header Files</Filter>
    </ClInclude>
    <ClInclude Include="src\Engine\Renderizador\Textura.hpp">
      <Filter>Header Files</Filter>
    </ClInclude>
    <ClInclude Include="src\Engine\Eventos\IManejadorDeEventos.hpp">
      <Filter>Header Files</Filter>
    </ClInclude>
    <ClInclude Include="src\Client\ManejadorEventosJuego.hpp">
      <Filter>Header Files</Filter>
    </ClInclude>
    <ClInclude Include="src\Engine\Plataforma\MouseBoton.hpp">
      <Filter>Header Files</Filter>
    </ClInclude>
    <ClInclude Include="src\Engine\Plataforma\TecladoTecla.hpp">
      <Filter>Header Files</Filter>
    </ClInclude>
    <ClInclude Include="src\Engine\Plataforma\Logger.hpp">
      <Filter>Header Files</Filter>
    </ClInclude>
    <ClInclude Include="src\Engine\Plataforma\Defines.hpp">
      <Filter>Header Files</Filter>
    </ClInclude>
    <ClInclude Include="src\Engine\Plataforma\Assert.hpp">
      <Filter>Header Files</Filter>
    </ClInclude>
    <ClInclude Include="src\Engine\Excepciones\Excepcion.hpp">
      <Filter>Header Files</Filter>
    </ClInclude>
    <ClInclude Include="src\Engine\Engine.hpp">
      <Filter>Header Files</Filter>
    </ClInclude>
    <ClInclude Include="src\Engine\Libs\imgui\imconfig.h">
      <Filter>Header Files</Filter>
    </ClInclude>
    <ClInclude Include="src\Engine\Libs\imgui\imgui.h">
      <Filter>Header Files</Filter>
    </ClInclude>
    <ClInclude Include="src\Engine\Libs\imgui\imgui_impl_opengl3.h">
      <Filter>Header Files</Filter>
    </ClInclude>
    <ClInclude Include="src\Engine\Libs\imgui\imgui_impl_opengl3_loader.h">
      <Filter>Header Files</Filter>
    </ClInclude>
    <ClInclude Include="src\Engine\Libs\imgui\imgui_impl_sdl.h">
      <Filter>Header Files</Filter>
    </ClInclude>
    <ClInclude Include="src\Engine\Libs\imgui\imgui_internal.h">
      <Filter>Header Files</Filter>
    </ClInclude>
    <ClInclude Include="src\Engine\Libs\imgui\imstb_rectpack.h">
      <Filter>Header Files</Filter>
    </ClInclude>
    <ClInclude Include="src\Engine\Libs\imgui\imstb_textedit.h">
      <Filter>Header Files</Filter>
    </ClInclude>
    <ClInclude Include="src\Engine\Libs\imgui\imstb_truetype.h">
      <Filter>Header Files</Filter>
    </ClInclude>
    <ClInclude Include="src\Engine\Gui\Gui.hpp">
      <Filter>Header Files</Filter>
    </ClInclude>
    <ClInclude Include="src\Engine\Game\CamaraOrtografica.hpp">
      <Filter>Header Files</Filter>
    </ClInclude>
    <ClInclude Include="src\Engine\Plataforma\Input.hpp">
      <Filter>Header Files</Filter>
    </ClInclude>
    <ClInclude Include="src\Engine\Renderizador\Color.hpp">
      <Filter>Header Files</Filter>
    </ClInclude>
    <ClInclude Include="src\Engine\Game\ObjetoJuego.hpp">
      <Filter>Header Files</Filter>
    </ClInclude>
    <ClInclude Include="src\Engine\Game\Componentes.hpp">
      <Filter>Header Files</Filter>
    </ClInclude>
    <ClInclude Include="src\Engine\Plataforma\AdministradorFPS.hpp">
      <Filter>Header Files</Filter>
    </ClInclude>
  </ItemGroup>
  <ItemGroup>
    <None Include="assets\shaders\Basic.vert" />
    <None Include="assets\shaders\Basic.frag" />
  </ItemGroup>
  <ItemGroup>
    <Natvis Include="src\Engine\Libs\imgui\imgui.natvis" />
  </ItemGroup>
</Project>